
Microsoft Visual Studio Solution File, Format Version 12.00
# Visual Studio Version 16
VisualStudioVersion = 16.0.29021.104
MinimumVisualStudioVersion = 10.0.40219.1
Project("{888888A0-9F3D-457C-B088-3A5042F75D52}") = "Gamebot V2", "Gamebot V2\Gamebot V2.pyproj", "{3EF975B5-85BB-40EC-98FA-D26A810BBAAE}"
EndProject
Global
	GlobalSection(SolutionConfigurationPlatforms) = preSolution
		Debug|Any CPU = Debug|Any CPU
		Release|Any CPU = Release|Any CPU
	EndGlobalSection
	GlobalSection(ProjectConfigurationPlatforms) = postSolution
		{3EF975B5-85BB-40EC-98FA-D26A810BBAAE}.Debug|Any CPU.ActiveCfg = Debug|Any CPU
		{3EF975B5-85BB-40EC-98FA-D26A810BBAAE}.Release|Any CPU.ActiveCfg = Release|Any CPU
	EndGlobalSection
	GlobalSection(SolutionProperties) = preSolution
		HideSolutionNode = FALSE
	EndGlobalSection
	GlobalSection(ExtensibilityGlobals) = postSolution
		SolutionGuid = {D4DE4C21-72F6-41A8-847D-1DF46F37934A}
	EndGlobalSection
EndGlobal
